
Microsoft Visual Studio Solution File, Format Version 12.00
# Visual Studio 15
VisualStudioVersion = 15.0.28307.960
MinimumVisualStudioVersion = 10.0.40219.1
Project("{FAE04EC0-301F-11D3-BF4B-00C04F79EFBC}") = "AuthWithUI", "AuthWithUI\AuthWithUI.csproj", "{B1327B7D-66C8-47EA-9886-A540A8370B3A}"
EndProject
Global
	GlobalSection(SolutionConfigurationPlatforms) = preSolution
		Debug|Any CPU = Debug|Any CPU
		Release|Any CPU = Release|Any CPU
	EndGlobalSection
	GlobalSection(ProjectConfigurationPlatforms) = postSolution
		{B1327B7D-66C8-47EA-9886-A540A8370B3A}.Debug|Any CPU.ActiveCfg = Debug|Any CPU
		{B1327B7D-66C8-47EA-9886-A540A8370B3A}.Debug|Any CPU.Build.0 = Debug|Any CPU
		{B1327B7D-66C8-47EA-9886-A540A8370B3A}.Release|Any CPU.ActiveCfg = Release|Any CPU
		{B1327B7D-66C8-47EA-9886-A540A8370B3A}.Release|Any CPU.Build.0 = Release|Any CPU
	EndGlobalSection
	GlobalSection(SolutionProperties) = preSolution
		HideSolutionNode = FALSE
	EndGlobalSection
	GlobalSection(ExtensibilityGlobals) = postSolution
		SolutionGuid = {D41F9403-88AF-4A45-B9CA-A357142A09FC}
	EndGlobalSection
EndGlobal
